
Microsoft Visual Studio Solution File, Format Version 12.00
# Visual Studio 15
VisualStudioVersion = 15.0.27703.2042
MinimumVisualStudioVersion = 10.0.40219.1
Project("{FAE04EC0-301F-11D3-BF4B-00C04F79EFBC}") = "PizzaStore", "PizzaStore\PizzaStore.csproj", "{4786EF05-8A27-41D2-9DB2-0C0A61440E4F}"
EndProject
Project("{FAE04EC0-301F-11D3-BF4B-00C04F79EFBC}") = "PizzaStore.Tests", "PizzaStore.Tests\PizzaStore.Tests.csproj", "{5728A939-5C3B-48BF-B345-C960471BAE49}"
EndProject
Global
	GlobalSection(SolutionConfigurationPlatforms) = preSolution
		Debug|Any CPU = Debug|Any CPU
		Release|Any CPU = Release|Any CPU
	EndGlobalSection
	GlobalSection(ProjectConfigurationPlatforms) = postSolution
		{4786EF05-8A27-41D2-9DB2-0C0A61440E4F}.Debug|Any CPU.ActiveCfg = Debug|Any CPU
		{4786EF05-8A27-41D2-9DB2-0C0A61440E4F}.Debug|Any CPU.Build.0 = Debug|Any CPU
		{4786EF05-8A27-41D2-9DB2-0C0A61440E4F}.Release|Any CPU.ActiveCfg = Release|Any CPU
		{4786EF05-8A27-41D2-9DB2-0C0A61440E4F}.Release|Any CPU.Build.0 = Release|Any CPU
		{5728A939-5C3B-48BF-B345-C960471BAE49}.Debug|Any CPU.ActiveCfg = Debug|Any CPU
		{5728A939-5C3B-48BF-B345-C960471BAE49}.Debug|Any CPU.Build.0 = Debug|Any CPU
		{5728A939-5C3B-48BF-B345-C960471BAE49}.Release|Any CPU.ActiveCfg = Release|Any CPU
		{5728A939-5C3B-48BF-B345-C960471BAE49}.Release|Any CPU.Build.0 = Release|Any CPU
	EndGlobalSection
	GlobalSection(SolutionProperties) = preSolution
		HideSolutionNode = FALSE
	EndGlobalSection
	GlobalSection(ExtensibilityGlobals) = postSolution
		SolutionGuid = {E8F2C3CB-86A5-4430-872A-2B31C89C4F49}
	EndGlobalSection
EndGlobal
